
Microsoft Visual Studio Solution File, Format Version 12.00
# Visual Studio 15
VisualStudioVersion = 15.0.26730.16
MinimumVisualStudioVersion = 10.0.40219.1
Project("{FAE04EC0-301F-11D3-BF4B-00C04F79EFBC}") = "LanguageSchool.Model", "LanguageSchool.Model\LanguageSchool.Model.csproj", "{7188BCF3-7C5B-473D-925F-497FA9FE1636}"
EndProject
Project("{FAE04EC0-301F-11D3-BF4B-00C04F79EFBC}") = "LanguageSchool.BusinessLogic", "LanguageSchool.BusinessLogic\LanguageSchool.BusinessLogic.csproj", "{036DE280-EF74-4B92-8730-1ABDCBA18E3C}"
EndProject
Project("{FAE04EC0-301F-11D3-BF4B-00C04F79EFBC}") = "LanguageSchool.WebApi", "LanguageSchool.WebApi\LanguageSchool.WebApi.csproj", "{0F4CABE6-E0A9-42DF-A844-EDD0A789D9ED}"
EndProject
Project("{FAE04EC0-301F-11D3-BF4B-00C04F79EFBC}") = "LanguageSchool.DataAccess", "LanguageSchool.DataAccess\LanguageSchool.DataAccess.csproj", "{98E12B1A-CE3F-418E-BC8E-41AA040323E1}"
EndProject
Project("{FAE04EC0-301F-11D3-BF4B-00C04F79EFBC}") = "LanguageSchool.Shared", "LanguageSchool.Shared\LanguageSchool.Shared.csproj", "{8D48CB75-3ED3-4F75-B009-27556A9891C8}"
EndProject
Project("{FAE04EC0-301F-11D3-BF4B-00C04F79EFBC}") = "UnitTests", "UnitTests\UnitTests.csproj", "{53E86754-854F-412B-8BAF-66C72E784B67}"
EndProject
Global
	GlobalSection(SolutionConfigurationPlatforms) = preSolution
		Debug|Any CPU = Debug|Any CPU
		Release|Any CPU = Release|Any CPU
	EndGlobalSection
	GlobalSection(ProjectConfigurationPlatforms) = postSolution
		{7188BCF3-7C5B-473D-925F-497FA9FE1636}.Debug|Any CPU.ActiveCfg = Debug|Any CPU
		{7188BCF3-7C5B-473D-925F-497FA9FE1636}.Debug|Any CPU.Build.0 = Debug|Any CPU
		{7188BCF3-7C5B-473D-925F-497FA9FE1636}.Release|Any CPU.ActiveCfg = Release|Any CPU
		{7188BCF3-7C5B-473D-925F-497FA9FE1636}.Release|Any CPU.Build.0 = Release|Any CPU
		{036DE280-EF74-4B92-8730-1ABDCBA18E3C}.Debug|Any CPU.ActiveCfg = Debug|Any CPU
		{036DE280-EF74-4B92-8730-1ABDCBA18E3C}.Debug|Any CPU.Build.0 = Debug|Any CPU
		{036DE280-EF74-4B92-8730-1ABDCBA18E3C}.Release|Any CPU.ActiveCfg = Release|Any CPU
		{036DE280-EF74-4B92-8730-1ABDCBA18E3C}.Release|Any CPU.Build.0 = Release|Any CPU
		{0F4CABE6-E0A9-42DF-A844-EDD0A789D9ED}.Debug|Any CPU.ActiveCfg = Debug|Any CPU
		{0F4CABE6-E0A9-42DF-A844-EDD0A789D9ED}.Debug|Any CPU.Build.0 = Debug|Any CPU
		{0F4CABE6-E0A9-42DF-A844-EDD0A789D9ED}.Release|Any CPU.ActiveCfg = Release|Any CPU
		{0F4CABE6-E0A9-42DF-A844-EDD0A789D9ED}.Release|Any CPU.Build.0 = Release|Any CPU
		{98E12B1A-CE3F-418E-BC8E-41AA040323E1}.Debug|Any CPU.ActiveCfg = Debug|Any CPU
		{98E12B1A-CE3F-418E-BC8E-41AA040323E1}.Debug|Any CPU.Build.0 = Debug|Any CPU
		{98E12B1A-CE3F-418E-BC8E-41AA040323E1}.Release|Any CPU.ActiveCfg = Release|Any CPU
		{98E12B1A-CE3F-418E-BC8E-41AA040323E1}.Release|Any CPU.Build.0 = Release|Any CPU
		{8D48CB75-3ED3-4F75-B009-27556A9891C8}.Debug|Any CPU.ActiveCfg = Debug|Any CPU
		{8D48CB75-3ED3-4F75-B009-27556A9891C8}.Debug|Any CPU.Build.0 = Debug|Any CPU
		{8D48CB75-3ED3-4F75-B009-27556A9891C8}.Release|Any CPU.ActiveCfg = Release|Any CPU
		{8D48CB75-3ED3-4F75-B009-27556A9891C8}.Release|Any CPU.Build.0 = Release|Any CPU
		{53E86754-854F-412B-8BAF-66C72E784B67}.Debug|Any CPU.ActiveCfg = Debug|Any CPU
		{53E86754-854F-412B-8BAF-66C72E784B67}.Debug|Any CPU.Build.0 = Debug|Any CPU
		{53E86754-854F-412B-8BAF-66C72E784B67}.Release|Any CPU.ActiveCfg = Release|Any CPU
		{53E86754-854F-412B-8BAF-66C72E784B67}.Release|Any CPU.Build.0 = Release|Any CPU
	EndGlobalSection
	GlobalSection(SolutionProperties) = preSolution
		HideSolutionNode = FALSE
	EndGlobalSection
	GlobalSection(ExtensibilityGlobals) = postSolution
		SolutionGuid = {E0F708F7-50FE-4348-9121-4D08123B9003}
	EndGlobalSection
EndGlobal
